
Microsoft Visual Studio Solution File, Format Version 12.00
# Visual Studio Version 16
VisualStudioVersion = 16.0.30330.147
MinimumVisualStudioVersion = 10.0.40219.1
Project("{FAE04EC0-301F-11D3-BF4B-00C04F79EFBC}") = "ATMLabGoodson", "ATMLabGoodson.csproj", "{30D7950A-BA41-48F7-924A-EDDCC3C13326}"
EndProject
Global
	GlobalSection(SolutionConfigurationPlatforms) = preSolution
		Debug|Any CPU = Debug|Any CPU
		Release|Any CPU = Release|Any CPU
	EndGlobalSection
	GlobalSection(ProjectConfigurationPlatforms) = postSolution
		{30D7950A-BA41-48F7-924A-EDDCC3C13326}.Debug|Any CPU.ActiveCfg = Debug|Any CPU
		{30D7950A-BA41-48F7-924A-EDDCC3C13326}.Debug|Any CPU.Build.0 = Debug|Any CPU
		{30D7950A-BA41-48F7-924A-EDDCC3C13326}.Release|Any CPU.ActiveCfg = Release|Any CPU
		{30D7950A-BA41-48F7-924A-EDDCC3C13326}.Release|Any CPU.Build.0 = Release|Any CPU
	EndGlobalSection
	GlobalSection(SolutionProperties) = preSolution
		HideSolutionNode = FALSE
	EndGlobalSection
	GlobalSection(ExtensibilityGlobals) = postSolution
		SolutionGuid = {20F85861-CC72-4EE6-B574-25E33E294263}
	EndGlobalSection
EndGlobal
